# This file is generated by running "yarn install" inside your project.
# Manual changes might be lost - proceed with caution!

__metadata:
  version: 4
  cacheKey: 8

"@popperjs/core@npm:^2.10.2":
  version: 2.10.2
  resolution: "@popperjs/core@npm:2.10.2"
  checksum: 43c189e3eb6d032433512d94761b54fc7cae15957ca5528008813f887a67b5760b949f30a5141b476be2ba5a6c677c91def150f603d2d3e30b5e97a5ae51474e
  languageName: node
  linkType: hard

"bootstrap@npm:^5.1.1":
  version: 5.1.1
  resolution: "bootstrap@npm:5.1.1"
  peerDependencies:
    "@popperjs/core": ^2.10.1
  checksum: 6429293514bcaaf0072568ec7851a58179c582a966109a55176afd29c03fc502eade0fdc2c46ea49efb24bf111a161c8735e80f3162f6455b81225720c6b556f
  languageName: node
  linkType: hard

"clipboard@npm:^2.0.8":
  version: 2.0.8
  resolution: "clipboard@npm:2.0.8"
  dependencies:
    good-listener: ^1.2.2
    select: ^1.1.2
    tiny-emitter: ^2.0.0
  checksum: 13bda94d102cbab9f214c546358a27405f79bcaa58b1bd364f1ef9b9b44e2b3a2b0345bbaad5ce72b24fe89e9b0e6d8aaec0a59157721c47143010238e815a24
  languageName: node
  linkType: hard

"delegate@npm:^3.1.2":
  version: 3.2.0
  resolution: "delegate@npm:3.2.0"
  checksum: d943058fe05897228b158cbd1bab05164df28c8f54127873231d6b03b0a5acc1b3ee1f98ac70ccc9b79cd84aa47118a7de111fee2923753491583905069da27d
  languageName: node
  linkType: hard

"good-listener@npm:^1.2.2":
  version: 1.2.2
  resolution: "good-listener@npm:1.2.2"
  dependencies:
    delegate: ^3.1.2
  checksum: f39fb82c4e41524f56104cfd2d7aef1a88e72f3f75139115fbdf98cc7d844e0c1b39218b2e83438c6188727bf904ed78c7f0f2feff67b32833bc3af7f0202b33
  languageName: node
  linkType: hard

"root-workspace-0b6124@workspace:.":
  version: 0.0.0-use.local
  resolution: "root-workspace-0b6124@workspace:."
  dependencies:
    "@popperjs/core": ^2.10.2
    bootstrap: ^5.1.1
    clipboard: ^2.0.8
  languageName: unknown
  linkType: soft

"select@npm:^1.1.2":
  version: 1.1.2
  resolution: "select@npm:1.1.2"
  checksum: 4346151e94f226ea6131e44e68e6d837f3fdee64831b756dd657cc0b02f4cb5107f867cb34a1d1216ab7737d0bf0645d44546afb030bbd8d64e891f5e4c4814e
  languageName: node
  linkType: hard

"tiny-emitter@npm:^2.0.0":
  version: 2.1.0
  resolution: "tiny-emitter@npm:2.1.0"
  checksum: fbcfb5145751a0e3b109507a828eb6d6d4501352ab7bb33eccef46e22e9d9ad3953158870a6966a59e57ab7c3f9cfac7cab8521db4de6a5e757012f4677df2dd
  languageName: node
  linkType: hard
